
Microsoft Visual Studio Solution File, Format Version 12.00
# Visual Studio Version 17
VisualStudioVersion = 17.8.34330.188
MinimumVisualStudioVersion = 10.0.40219.1
Project("{FAE04EC0-301F-11D3-BF4B-00C04F79EFBC}") = "Presentation", "Presentation\Presentation.csproj", "{09E17EC1-98C6-4EF2-91E8-4E711E59FF7A}"
EndProject
Project("{FAE04EC0-301F-11D3-BF4B-00C04F79EFBC}") = "DataAccess", "DataAccess\DataAccess.csproj", "{2ED5E26D-4456-47B6-A3A9-37D537963950}"
EndProject
Project("{FAE04EC0-301F-11D3-BF4B-00C04F79EFBC}") = "Repository", "Repository\Repository.csproj", "{39CE8735-538F-4ED1-AF1F-C5FF5032726A}"
EndProject
Global
	GlobalSection(SolutionConfigurationPlatforms) = preSolution
		Debug|Any CPU = Debug|Any CPU
		Release|Any CPU = Release|Any CPU
	EndGlobalSection
	GlobalSection(ProjectConfigurationPlatforms) = postSolution
		{09E17EC1-98C6-4EF2-91E8-4E711E59FF7A}.Debug|Any CPU.ActiveCfg = Debug|Any CPU
		{09E17EC1-98C6-4EF2-91E8-4E711E59FF7A}.Debug|Any CPU.Build.0 = Debug|Any CPU
		{09E17EC1-98C6-4EF2-91E8-4E711E59FF7A}.Release|Any CPU.ActiveCfg = Release|Any CPU
		{09E17EC1-98C6-4EF2-91E8-4E711E59FF7A}.Release|Any CPU.Build.0 = Release|Any CPU
		{2ED5E26D-4456-47B6-A3A9-37D537963950}.Debug|Any CPU.ActiveCfg = Debug|Any CPU
		{2ED5E26D-4456-47B6-A3A9-37D537963950}.Debug|Any CPU.Build.0 = Debug|Any CPU
		{2ED5E26D-4456-47B6-A3A9-37D537963950}.Release|Any CPU.ActiveCfg = Release|Any CPU
		{2ED5E26D-4456-47B6-A3A9-37D537963950}.Release|Any CPU.Build.0 = Release|Any CPU
		{39CE8735-538F-4ED1-AF1F-C5FF5032726A}.Debug|Any CPU.ActiveCfg = Debug|Any CPU
		{39CE8735-538F-4ED1-AF1F-C5FF5032726A}.Debug|Any CPU.Build.0 = Debug|Any CPU
		{39CE8735-538F-4ED1-AF1F-C5FF5032726A}.Release|Any CPU.ActiveCfg = Release|Any CPU
		{39CE8735-538F-4ED1-AF1F-C5FF5032726A}.Release|Any CPU.Build.0 = Release|Any CPU
	EndGlobalSection
	GlobalSection(SolutionProperties) = preSolution
		HideSolutionNode = FALSE
	EndGlobalSection
	GlobalSection(ExtensibilityGlobals) = postSolution
		SolutionGuid = {BFC22BD7-0D55-433C-8A71-4E92B7550BEC}
	EndGlobalSection
EndGlobal
